
Microsoft Visual Studio Solution File, Format Version 12.00
# Visual Studio Version 16
VisualStudioVersion = 16.0.32002.261
MinimumVisualStudioVersion = 10.0.40219.1
Project("{FAE04EC0-301F-11D3-BF4B-00C04F79EFBC}") = "SaoToAngularAndCSharp", "SaoToAngularAndCSharp\SaoToAngularAndCSharp.csproj", "{51B4C173-B954-41E6-8ACA-FFEF85A6B9D7}"
EndProject
Global
	GlobalSection(SolutionConfigurationPlatforms) = preSolution
		Debug|Any CPU = Debug|Any CPU
		Release|Any CPU = Release|Any CPU
	EndGlobalSection
	GlobalSection(ProjectConfigurationPlatforms) = postSolution
		{51B4C173-B954-41E6-8ACA-FFEF85A6B9D7}.Debug|Any CPU.ActiveCfg = Debug|Any CPU
		{51B4C173-B954-41E6-8ACA-FFEF85A6B9D7}.Debug|Any CPU.Build.0 = Debug|Any CPU
		{51B4C173-B954-41E6-8ACA-FFEF85A6B9D7}.Release|Any CPU.ActiveCfg = Release|Any CPU
		{51B4C173-B954-41E6-8ACA-FFEF85A6B9D7}.Release|Any CPU.Build.0 = Release|Any CPU
	EndGlobalSection
	GlobalSection(SolutionProperties) = preSolution
		HideSolutionNode = FALSE
	EndGlobalSection
	GlobalSection(ExtensibilityGlobals) = postSolution
		SolutionGuid = {FC8FDD3E-88D2-416F-AD59-06CD086E8A16}
	EndGlobalSection
EndGlobal
